
Microsoft Visual Studio Solution File, Format Version 12.00
# Visual Studio Version 17
VisualStudioVersion = 17.0.32002.185
MinimumVisualStudioVersion = 10.0.40219.1
Project("{353f6e1f-cd53-4b6b-9c79-6ed4bab35154}") = "RICADO.MettlerToledo", "RICADO.MettlerToledo\RICADO.MettlerToledo.csproj", "{4346de5f-4670-4788-a2ba-ced558bc2433}"
EndProject
Global
	GlobalSection(SolutionConfigurationPlatforms) = preSolution
		Debug|Any CPU = Debug|Any CPU
		Release|Any CPU = Release|Any CPU
	EndGlobalSection
	GlobalSection(ProjectConfigurationPlatforms) = postSolution
		{4346de5f-4670-4788-a2ba-ced558bc2433}.Debug|Any CPU.ActiveCfg = Debug|Any CPU
		{4346de5f-4670-4788-a2ba-ced558bc2433}.Debug|Any CPU.Build.0 = Debug|Any CPU
		{4346de5f-4670-4788-a2ba-ced558bc2433}.Release|Any CPU.ActiveCfg = Release|Any CPU
		{4346de5f-4670-4788-a2ba-ced558bc2433}.Release|Any CPU.Build.0 = Release|Any CPU
	EndGlobalSection
	GlobalSection(SolutionProperties) = preSolution
		HideSolutionNode = FALSE
	EndGlobalSection
	GlobalSection(ExtensibilityGlobals) = postSolution
		SolutionGuid = {5039aee3-59a0-4e6b-a03d-4ddc21560b75}
	EndGlobalSection
EndGlobal
